{
  "nodes": {
    "catppuccin": {
      "inputs": {
        "nixpkgs": "nixpkgs"
      },
      "locked": {
        "lastModified": 1741521711,
        "narHash": "sha256-uV+olxh2H8GrB676m8lHpDujYVJ1K5rie6Y0GEFSMhI=",
        "owner": "catppuccin",
        "repo": "nix",
        "rev": "62424ccd65e280f3739754e0f30b85c901f6bcd9",
        "type": "github"
      },
      "original": {
        "owner": "catppuccin",
        "repo": "nix",
        "type": "github"
      }
    },
    "dotfiles": {
      "flake": false,
      "locked": {
        "lastModified": 1741637736,
        "narHash": "sha256-NNdvetDTOoAhBEYl6SrJMO8zljEUUynD+1nW1OBnvEM=",
        "owner": "josh",
        "repo": "dotfiles",
        "rev": "05d785d29d3fe24ac5386981c346edbcbfec6720",
        "type": "github"
      },
      "original": {
        "owner": "josh",
        "repo": "dotfiles",
        "type": "github"
      }
    },
    "flake-compat": {
      "locked": {
        "lastModified": 1733328505,
        "narHash": "sha256-NeCCThCEP3eCl2l/+27kNNK7QrwZB1IJCrXfrbv5oqU=",
        "owner": "edolstra",
        "repo": "flake-compat",
        "rev": "ff81ac966bb2cae68946d5ed5fc4994f96d0ffec",
        "type": "github"
      },
      "original": {
        "owner": "edolstra",
        "repo": "flake-compat",
        "type": "github"
      }
    },
    "home-manager": {
      "inputs": {
        "nixpkgs": [
          "nixpkgs"
        ]
      },
      "locked": {
        "lastModified": 1741635347,
        "narHash": "sha256-2aYfV44h18alHXopyfL4D9GsnpE5XlSVkp4MGe586VU=",
        "owner": "nix-community",
        "repo": "home-manager",
        "rev": "7fb8678716c158642ac42f9ff7a18c0800fea551",
        "type": "github"
      },
      "original": {
        "owner": "nix-community",
        "repo": "home-manager",
        "type": "github"
      }
    },
    "lazy-nvim-nix": {
      "inputs": {
        "nixpkgs": [
          "nixpkgs"
        ]
      },
      "locked": {
        "lastModified": 1741625704,
        "narHash": "sha256-12gVE/4Lc3rQdvs7CTGU8MAidK8TXX9K5fumjP/8ez4=",
        "owner": "josh",
        "repo": "lazy-nvim-nix",
        "rev": "3a6b6895d66c55547664597b0dd56eccc50c039b",
        "type": "github"
      },
      "original": {
        "owner": "josh",
        "repo": "lazy-nvim-nix",
        "type": "github"
      }
    },
    "nix-index-database": {
      "inputs": {
        "nixpkgs": [
          "nixpkgs"
        ]
      },
      "locked": {
        "lastModified": 1741619381,
        "narHash": "sha256-koZtlJRqi0/MD/AKd0KrXLA2NuBOVzlIyAJprjzpxZE=",
        "owner": "nix-community",
        "repo": "nix-index-database",
        "rev": "66537fb185462ba9b07f4e6f2d54894a1b2d04ab",
        "type": "github"
      },
      "original": {
        "owner": "nix-community",
        "repo": "nix-index-database",
        "type": "github"
      }
    },
    "nixbits": {
      "inputs": {
        "nixpkgs": [
          "nixpkgs"
        ],
        "nurpkgs": "nurpkgs"
      },
      "locked": {
        "lastModified": 1741637702,
        "narHash": "sha256-YQZYWPnLnBNN0r6Apzzp+JCLFsMsd5SdaA/b6VrczFw=",
        "owner": "josh",
        "repo": "nixbits",
        "rev": "c17f10d8b94269881146a83ddd81860a27c0ae2e",
        "type": "github"
      },
      "original": {
        "owner": "josh",
        "repo": "nixbits",
        "type": "github"
      }
    },
    "nixpkgs": {
      "locked": {
        "lastModified": 1741246872,
        "narHash": "sha256-Q6pMP4a9ed636qilcYX8XUguvKl/0/LGXhHcRI91p0U=",
        "owner": "NixOS",
        "repo": "nixpkgs",
        "rev": "10069ef4cf863633f57238f179a0297de84bd8d3",
        "type": "github"
      },
      "original": {
        "owner": "NixOS",
        "ref": "nixos-unstable",
        "repo": "nixpkgs",
        "type": "github"
      }
    },
    "nixpkgs_2": {
      "locked": {
        "lastModified": 1741402956,
        "narHash": "sha256-y2hByvBM03s9T2fpeLjW6iprbxnhV9mJMmSwCHc41ZQ=",
        "owner": "NixOS",
        "repo": "nixpkgs",
        "rev": "ed0b1881565c1ffef490c10d663d4f542031dad3",
        "type": "github"
      },
      "original": {
        "owner": "NixOS",
        "ref": "nixpkgs-unstable",
        "repo": "nixpkgs",
        "type": "github"
      }
    },
    "nixpkgs_3": {
      "locked": {
        "lastModified": 1741513245,
        "narHash": "sha256-7rTAMNTY1xoBwz0h7ZMtEcd8LELk9R5TzBPoHuhNSCk=",
        "owner": "NixOS",
        "repo": "nixpkgs",
        "rev": "e3e32b642a31e6714ec1b712de8c91a3352ce7e1",
        "type": "github"
      },
      "original": {
        "owner": "NixOS",
        "ref": "nixos-unstable",
        "repo": "nixpkgs",
        "type": "github"
      }
    },
    "nurpkgs": {
      "inputs": {
        "nixpkgs": "nixpkgs_2"
      },
      "locked": {
        "lastModified": 1741547749,
        "narHash": "sha256-52/4JnWd4oiyIaf4nXM04aO2TTo1B1jXgDOu1cFPw10=",
        "owner": "josh",
        "repo": "nurpkgs",
        "rev": "0fca7da0b904fabe6639bf7a123c2c61bebca45b",
        "type": "github"
      },
      "original": {
        "owner": "josh",
        "repo": "nurpkgs",
        "type": "github"
      }
    },
    "nurpkgs_2": {
      "inputs": {
        "nixpkgs": [
          "nixpkgs"
        ]
      },
      "locked": {
        "lastModified": 1741637962,
        "narHash": "sha256-GDPv8MElfJqfidLaWlKstJzxTKRoAK9qcg+A+TdOjLs=",
        "owner": "josh",
        "repo": "nurpkgs",
        "rev": "509c94fd7cef507708bc6f5e01d2b4def328fb94",
        "type": "github"
      },
      "original": {
        "owner": "josh",
        "repo": "nurpkgs",
        "type": "github"
      }
    },
    "root": {
      "inputs": {
        "catppuccin": "catppuccin",
        "dotfiles": "dotfiles",
        "flake-compat": "flake-compat",
        "home-manager": "home-manager",
        "lazy-nvim-nix": "lazy-nvim-nix",
        "nix-index-database": "nix-index-database",
        "nixbits": "nixbits",
        "nixpkgs": "nixpkgs_3",
        "nurpkgs": "nurpkgs_2"
      }
    }
  },
  "root": "root",
  "version": 7
}
