{
  "nodes": {
    "catppuccin": {
      "locked": {
        "lastModified": 1735028008,
        "narHash": "sha256-crbQNRVQgPH0hX5vZk8xL9JStXo74Es7zDBjRcc4i+A=",
        "owner": "catppuccin",
        "repo": "nix",
        "rev": "bfd20bcf45f1de0e97b551be51495abf8a727f1a",
        "type": "github"
      },
      "original": {
        "owner": "catppuccin",
        "repo": "nix",
        "type": "github"
      }
    },
    "dotfiles": {
      "flake": false,
      "locked": {
        "lastModified": 1734304502,
        "narHash": "sha256-FxtWvchctPFQmNLqYtXfwuzOBxvv+vN05AZoFUC54l0=",
        "owner": "josh",
        "repo": "dotfiles",
        "rev": "866008f0ee16aabf436b29753b7913167fc07bbc",
        "type": "github"
      },
      "original": {
        "owner": "josh",
        "repo": "dotfiles",
        "type": "github"
      }
    },
    "flake-compat": {
      "locked": {
        "lastModified": 1733328505,
        "narHash": "sha256-NeCCThCEP3eCl2l/+27kNNK7QrwZB1IJCrXfrbv5oqU=",
        "owner": "edolstra",
        "repo": "flake-compat",
        "rev": "ff81ac966bb2cae68946d5ed5fc4994f96d0ffec",
        "type": "github"
      },
      "original": {
        "owner": "edolstra",
        "repo": "flake-compat",
        "type": "github"
      }
    },
    "home-manager": {
      "inputs": {
        "nixpkgs": [
          "nixpkgs"
        ]
      },
      "locked": {
        "lastModified": 1735053786,
        "narHash": "sha256-Gm+0DcbUS338vvkwyYWms5jsWlx8z8MeQBzcnIDuIkw=",
        "owner": "nix-community",
        "repo": "home-manager",
        "rev": "35b98d20ca8f4ca1f6a2c30b8a2c8bb305a36d84",
        "type": "github"
      },
      "original": {
        "owner": "nix-community",
        "repo": "home-manager",
        "type": "github"
      }
    },
    "lazy-nvim-nix": {
      "inputs": {
        "nixpkgs": [
          "nixpkgs"
        ]
      },
      "locked": {
        "lastModified": 1734996679,
        "narHash": "sha256-6+ThBNTBUb9x+nAQa5MPPV62wwevobNBmbjKfT5X2gA=",
        "owner": "josh",
        "repo": "lazy-nvim-nix",
        "rev": "a10dde57546fd071169d67fd4d617e9184657283",
        "type": "github"
      },
      "original": {
        "owner": "josh",
        "repo": "lazy-nvim-nix",
        "type": "github"
      }
    },
    "nix-index-database": {
      "inputs": {
        "nixpkgs": [
          "nixpkgs"
        ]
      },
      "locked": {
        "lastModified": 1734838217,
        "narHash": "sha256-zvMLS8BGn+kMG7tLLT3PJ67/S9yqZ9B7V8hKBa9cRRY=",
        "owner": "nix-community",
        "repo": "nix-index-database",
        "rev": "d583b2d142f0428313df099f4a2dcf2a0496aa78",
        "type": "github"
      },
      "original": {
        "owner": "nix-community",
        "repo": "nix-index-database",
        "type": "github"
      }
    },
    "nixbits": {
      "inputs": {
        "nixpkgs": [
          "nixpkgs"
        ]
      },
      "locked": {
        "lastModified": 1734991254,
        "narHash": "sha256-LiUJdMdg+8UlInqu0GpPAEHFR85UYc8syzTPGwYQv2A=",
        "owner": "josh",
        "repo": "nixbits",
        "rev": "f65f0c2a4dd6cf68617a905f098f7f5bfdf2c9ad",
        "type": "github"
      },
      "original": {
        "owner": "josh",
        "repo": "nixbits",
        "type": "github"
      }
    },
    "nixpkgs": {
      "locked": {
        "lastModified": 1734649271,
        "narHash": "sha256-4EVBRhOjMDuGtMaofAIqzJbg4Ql7Ai0PSeuVZTHjyKQ=",
        "owner": "NixOS",
        "repo": "nixpkgs",
        "rev": "d70bd19e0a38ad4790d3913bf08fcbfc9eeca507",
        "type": "github"
      },
      "original": {
        "owner": "NixOS",
        "ref": "nixos-unstable",
        "repo": "nixpkgs",
        "type": "github"
      }
    },
    "nurpkgs": {
      "inputs": {
        "nixpkgs": [
          "nixpkgs"
        ]
      },
      "locked": {
        "lastModified": 1734991242,
        "narHash": "sha256-glVd52LubLxg6GBgKQUEtpdzsACOisLAQEqbQVCQXjI=",
        "owner": "josh",
        "repo": "nurpkgs",
        "rev": "d3693a8f3ec9091f0365a3b24b49865cca40d636",
        "type": "github"
      },
      "original": {
        "owner": "josh",
        "repo": "nurpkgs",
        "type": "github"
      }
    },
    "root": {
      "inputs": {
        "catppuccin": "catppuccin",
        "dotfiles": "dotfiles",
        "flake-compat": "flake-compat",
        "home-manager": "home-manager",
        "lazy-nvim-nix": "lazy-nvim-nix",
        "nix-index-database": "nix-index-database",
        "nixbits": "nixbits",
        "nixpkgs": "nixpkgs",
        "nurpkgs": "nurpkgs"
      }
    }
  },
  "root": "root",
  "version": 7
}
