name: Flake Lock

on:
  workflow_dispatch:
  schedule:
    - cron: "0 0 1 * *"

permissions:
  actions: write
  contents: write
  pull-requests: write

jobs:
  lockfile:
    runs-on: ubuntu-latest

    steps:
      - uses: actions/checkout@v4

      - uses: DeterminateSystems/nix-installer-action@main

      - id: update-flake-lock
        uses: DeterminateSystems/update-flake-lock@main

      - if: steps.update-flake-lock.outputs.pull-request-operation == 'created'
        run: gh workflow run nix.yml
        env:
          GH_TOKEN: ${{ github.token }}
